
Microsoft Visual Studio Solution File, Format Version 12.00
# Visual Studio 15
VisualStudioVersion = 15.0.27004.2009
MinimumVisualStudioVersion = 10.0.40219.1
Project("{8BC9CEB8-8B4A-11D0-8D11-00A0C91BC942}") = "xcpp", "xcpp\xcpp.vcxproj", "{2A7173EA-F54B-48B7-8CF5-04158F868C83}"
	ProjectSection(ProjectDependencies) = postProject
		{1EA13FA2-CBE1-496F-AEE1-5D225067C852} = {1EA13FA2-CBE1-496F-AEE1-5D225067C852}
	EndProjectSection
EndProject
Project("{FAE04EC0-301F-11D3-BF4B-00C04F79EFBC}") = "xcs", "xcs\xcs.csproj", "{1EA13FA2-CBE1-496F-AEE1-5D225067C852}"
EndProject
Global
	GlobalSection(SolutionConfigurationPlatforms) = preSolution
		Debug|Any CPU = Debug|Any CPU
		Debug|x86 = Debug|x86
		Release|Any CPU = Release|Any CPU
		Release|x86 = Release|x86
	EndGlobalSection
	GlobalSection(ProjectConfigurationPlatforms) = postSolution
		{2A7173EA-F54B-48B7-8CF5-04158F868C83}.Debug|Any CPU.ActiveCfg = Debug|Win32
		{2A7173EA-F54B-48B7-8CF5-04158F868C83}.Debug|x86.ActiveCfg = Debug|Win32
		{2A7173EA-F54B-48B7-8CF5-04158F868C83}.Debug|x86.Build.0 = Debug|Win32
		{2A7173EA-F54B-48B7-8CF5-04158F868C83}.Release|Any CPU.ActiveCfg = Release|Win32
		{2A7173EA-F54B-48B7-8CF5-04158F868C83}.Release|x86.ActiveCfg = Release|Win32
		{2A7173EA-F54B-48B7-8CF5-04158F868C83}.Release|x86.Build.0 = Release|Win32
		{1EA13FA2-CBE1-496F-AEE1-5D225067C852}.Debug|Any CPU.ActiveCfg = Debug|Any CPU
		{1EA13FA2-CBE1-496F-AEE1-5D225067C852}.Debug|Any CPU.Build.0 = Debug|Any CPU
		{1EA13FA2-CBE1-496F-AEE1-5D225067C852}.Debug|x86.ActiveCfg = Debug|Any CPU
		{1EA13FA2-CBE1-496F-AEE1-5D225067C852}.Debug|x86.Build.0 = Debug|Any CPU
		{1EA13FA2-CBE1-496F-AEE1-5D225067C852}.Release|Any CPU.ActiveCfg = Release|Any CPU
		{1EA13FA2-CBE1-496F-AEE1-5D225067C852}.Release|Any CPU.Build.0 = Release|Any CPU
		{1EA13FA2-CBE1-496F-AEE1-5D225067C852}.Release|x86.ActiveCfg = Release|Any CPU
		{1EA13FA2-CBE1-496F-AEE1-5D225067C852}.Release|x86.Build.0 = Release|Any CPU
	EndGlobalSection
	GlobalSection(SolutionProperties) = preSolution
		HideSolutionNode = FALSE
	EndGlobalSection
	GlobalSection(ExtensibilityGlobals) = postSolution
		SolutionGuid = {1DFE99E8-DEE1-4B3F-B92F-A7B6847DE3C5}
	EndGlobalSection
EndGlobal
